// !$*UTF8*$!
{
	archiveVersion = 1;
	classes = {
	};
	objectVersion = 56;
	objects = {

/* Begin PBXBuildFile section */
		80155A7929DF0572003608A9 /* LocationService.swift in Sources */ = {isa = PBXBuildFile; fileRef = 80155A7829DF0572003608A9 /* LocationService.swift */; };
		804B9FF029DEE73E00F05C0C /* ImagePicker.swift in Sources */ = {isa = PBXBuildFile; fileRef = 804B9FEF29DEE73E00F05C0C /* ImagePicker.swift */; };
		804B9FF229DEE82900F05C0C /* IdentifiableLocation.swift in Sources */ = {isa = PBXBuildFile; fileRef = 804B9FF129DEE82900F05C0C /* IdentifiableLocation.swift */; };
		80EAD14629DC66C400F43F81 /* gibClientApp.swift in Sources */ = {isa = PBXBuildFile; fileRef = 80EAD14529DC66C400F43F81 /* gibClientApp.swift */; };
		80EAD14829DC66C400F43F81 /* MainView.swift in Sources */ = {isa = PBXBuildFile; fileRef = 80EAD14729DC66C400F43F81 /* MainView.swift */; };
		80EAD14A29DC66C600F43F81 /* Assets.xcassets in Resources */ = {isa = PBXBuildFile; fileRef = 80EAD14929DC66C600F43F81 /* Assets.xcassets */; };
		80EAD14D29DC66C600F43F81 /* Preview Assets.xcassets in Resources */ = {isa = PBXBuildFile; fileRef = 80EAD14C29DC66C600F43F81 /* Preview Assets.xcassets */; };
		80EAD15729DC697400F43F81 /* Incident.swift in Sources */ = {isa = PBXBuildFile; fileRef = 80EAD15629DC697400F43F81 /* Incident.swift */; };
		80EAD15D29DC6B0D00F43F81 /* IncidentRow.swift in Sources */ = {isa = PBXBuildFile; fileRef = 80EAD15C29DC6B0D00F43F81 /* IncidentRow.swift */; };
		80EAD15F29DC6B2200F43F81 /* ReportIncidentView.swift in Sources */ = {isa = PBXBuildFile; fileRef = 80EAD15E29DC6B2200F43F81 /* ReportIncidentView.swift */; };
		80EAD16129DC6B5D00F43F81 /* IncidentsViewModel.swift in Sources */ = {isa = PBXBuildFile; fileRef = 80EAD16029DC6B5D00F43F81 /* IncidentsViewModel.swift */; };
		80EAD16629DC73ED00F43F81 /* NSMutableData+Ext.swift in Sources */ = {isa = PBXBuildFile; fileRef = 80EAD16529DC73ED00F43F81 /* NSMutableData+Ext.swift */; };
		80EAD16929DC73FF00F43F81 /* NetworkService.swift in Sources */ = {isa = PBXBuildFile; fileRef = 80EAD16829DC73FF00F43F81 /* NetworkService.swift */; };
		80EAD16B29DC7B6F00F43F81 /* MapView.swift in Sources */ = {isa = PBXBuildFile; fileRef = 80EAD16A29DC7B6F00F43F81 /* MapView.swift */; };
/* End PBXBuildFile section */

/* Begin PBXFileReference section */
		80155A7829DF0572003608A9 /* LocationService.swift */ = {isa = PBXFileReference; lastKnownFileType = sourcecode.swift; path = LocationService.swift; sourceTree = "<group>"; };
		804B9FEC29DDE1B800F05C0C /* Info.plist */ = {isa = PBXFileReference; lastKnownFileType = text.plist; path = Info.plist; sourceTree = "<group>"; };
		804B9FEF29DEE73E00F05C0C /* ImagePicker.swift */ = {isa = PBXFileReference; lastKnownFileType = sourcecode.swift; path = ImagePicker.swift; sourceTree = "<group>"; };
		804B9FF129DEE82900F05C0C /* IdentifiableLocation.swift */ = {isa = PBXFileReference; lastKnownFileType = sourcecode.swift; path = IdentifiableLocation.swift; sourceTree = "<group>"; };
		80EAD14229DC66C400F43F81 /* gib-client.app */ = {isa = PBXFileReference; explicitFileType = wrapper.application; includeInIndex = 0; path = "gib-client.app"; sourceTree = BUILT_PRODUCTS_DIR; };
		80EAD14529DC66C400F43F81 /* gibClientApp.swift */ = {isa = PBXFileReference; lastKnownFileType = sourcecode.swift; path = gibClientApp.swift; sourceTree = "<group>"; };
		80EAD14729DC66C400F43F81 /* MainView.swift */ = {isa = PBXFileReference; lastKnownFileType = sourcecode.swift; path = MainView.swift; sourceTree = "<group>"; };
		80EAD14929DC66C600F43F81 /* Assets.xcassets */ = {isa = PBXFileReference; lastKnownFileType = folder.assetcatalog; path = Assets.xcassets; sourceTree = "<group>"; };
		80EAD14C29DC66C600F43F81 /* Preview Assets.xcassets */ = {isa = PBXFileReference; lastKnownFileType = folder.assetcatalog; path = "Preview Assets.xcassets"; sourceTree = "<group>"; };
		80EAD15629DC697400F43F81 /* Incident.swift */ = {isa = PBXFileReference; lastKnownFileType = sourcecode.swift; path = Incident.swift; sourceTree = "<group>"; };
		80EAD15C29DC6B0D00F43F81 /* IncidentRow.swift */ = {isa = PBXFileReference; lastKnownFileType = sourcecode.swift; path = IncidentRow.swift; sourceTree = "<group>"; };
		80EAD15E29DC6B2200F43F81 /* ReportIncidentView.swift */ = {isa = PBXFileReference; lastKnownFileType = sourcecode.swift; path = ReportIncidentView.swift; sourceTree = "<group>"; };
		80EAD16029DC6B5D00F43F81 /* IncidentsViewModel.swift */ = {isa = PBXFileReference; lastKnownFileType = sourcecode.swift; path = IncidentsViewModel.swift; sourceTree = "<group>"; };
		80EAD16529DC73ED00F43F81 /* NSMutableData+Ext.swift */ = {isa = PBXFileReference; lastKnownFileType = sourcecode.swift; path = "NSMutableData+Ext.swift"; sourceTree = "<group>"; };
		80EAD16829DC73FF00F43F81 /* NetworkService.swift */ = {isa = PBXFileReference; lastKnownFileType = sourcecode.swift; path = NetworkService.swift; sourceTree = "<group>"; };
		80EAD16A29DC7B6F00F43F81 /* MapView.swift */ = {isa = PBXFileReference; lastKnownFileType = sourcecode.swift; path = MapView.swift; sourceTree = "<group>"; };
/* End PBXFileReference section */

/* Begin PBXFrameworksBuildPhase section */
		80EAD13F29DC66C400F43F81 /* Frameworks */ = {
			isa = PBXFrameworksBuildPhase;
			buildActionMask = 2147483647;
			files = (
			);
			runOnlyForDeploymentPostprocessing = 0;
		};
/* End PBXFrameworksBuildPhase section */

/* Begin PBXGroup section */
		80EAD13929DC66C400F43F81 = {
			isa = PBXGroup;
			children = (
				80EAD14429DC66C400F43F81 /* gib-client */,
				80EAD14329DC66C400F43F81 /* Products */,
			);
			sourceTree = "<group>";
		};
		80EAD14329DC66C400F43F81 /* Products */ = {
			isa = PBXGroup;
			children = (
				80EAD14229DC66C400F43F81 /* gib-client.app */,
			);
			name = Products;
			sourceTree = "<group>";
		};
		80EAD14429DC66C400F43F81 /* gib-client */ = {
			isa = PBXGroup;
			children = (
				804B9FEC29DDE1B800F05C0C /* Info.plist */,
				80EAD16729DC73F500F43F81 /* Services */,
				80EAD16429DC73DD00F43F81 /* Extentions */,
				80EAD15329DC695B00F43F81 /* Models */,
				80EAD15429DC696300F43F81 /* ViewContollers */,
				80EAD15529DC696700F43F81 /* Views */,
				80EAD14529DC66C400F43F81 /* gibClientApp.swift */,
				80EAD14929DC66C600F43F81 /* Assets.xcassets */,
				80EAD14B29DC66C600F43F81 /* Preview Content */,
			);
			path = "gib-client";
			sourceTree = "<group>";
		};
		80EAD14B29DC66C600F43F81 /* Preview Content */ = {
			isa = PBXGroup;
			children = (
				80EAD14C29DC66C600F43F81 /* Preview Assets.xcassets */,
			);
			path = "Preview Content";
			sourceTree = "<group>";
		};
		80EAD15329DC695B00F43F81 /* Models */ = {
			isa = PBXGroup;
			children = (
				80EAD15629DC697400F43F81 /* Incident.swift */,
				804B9FF129DEE82900F05C0C /* IdentifiableLocation.swift */,
			);
			path = Models;
			sourceTree = "<group>";
		};
		80EAD15429DC696300F43F81 /* ViewContollers */ = {
			isa = PBXGroup;
			children = (
				80EAD16029DC6B5D00F43F81 /* IncidentsViewModel.swift */,
			);
			path = ViewContollers;
			sourceTree = "<group>";
		};
		80EAD15529DC696700F43F81 /* Views */ = {
			isa = PBXGroup;
			children = (
				80EAD14729DC66C400F43F81 /* MainView.swift */,
				80EAD15C29DC6B0D00F43F81 /* IncidentRow.swift */,
				80EAD15E29DC6B2200F43F81 /* ReportIncidentView.swift */,
				80EAD16A29DC7B6F00F43F81 /* MapView.swift */,
				804B9FEF29DEE73E00F05C0C /* ImagePicker.swift */,
			);
			path = Views;
			sourceTree = "<group>";
		};
		80EAD16429DC73DD00F43F81 /* Extentions */ = {
			isa = PBXGroup;
			children = (
				80EAD16529DC73ED00F43F81 /* NSMutableData+Ext.swift */,
			);
			path = Extentions;
			sourceTree = "<group>";
		};
		80EAD16729DC73F500F43F81 /* Services */ = {
			isa = PBXGroup;
			children = (
				80EAD16829DC73FF00F43F81 /* NetworkService.swift */,
				80155A7829DF0572003608A9 /* LocationService.swift */,
			);
			path = Services;
			sourceTree = "<group>";
		};
/* End PBXGroup section */

/* Begin PBXNativeTarget section */
		80EAD14129DC66C400F43F81 /* gib-client */ = {
			isa = PBXNativeTarget;
			buildConfigurationList = 80EAD15029DC66C600F43F81 /* Build configuration list for PBXNativeTarget "gib-client" */;
			buildPhases = (
				80EAD13E29DC66C400F43F81 /* Sources */,
				80EAD13F29DC66C400F43F81 /* Frameworks */,
				80EAD14029DC66C400F43F81 /* Resources */,
			);
			buildRules = (
			);
			dependencies = (
			);
			name = "gib-client";
			productName = "gib-client";
			productReference = 80EAD14229DC66C400F43F81 /* gib-client.app */;
			productType = "com.apple.product-type.application";
		};
/* End PBXNativeTarget section */

/* Begin PBXProject section */
		80EAD13A29DC66C400F43F81 /* Project object */ = {
			isa = PBXProject;
			attributes = {
				BuildIndependentTargetsInParallel = 1;
				LastSwiftUpdateCheck = 1410;
				LastUpgradeCheck = 1410;
				TargetAttributes = {
					80EAD14129DC66C400F43F81 = {
						CreatedOnToolsVersion = 14.1;
					};
				};
			};
			buildConfigurationList = 80EAD13D29DC66C400F43F81 /* Build configuration list for PBXProject "gib-client" */;
			compatibilityVersion = "Xcode 14.0";
			developmentRegion = en;
			hasScannedForEncodings = 0;
			knownRegions = (
				en,
				Base,
			);
			mainGroup = 80EAD13929DC66C400F43F81;
			productRefGroup = 80EAD14329DC66C400F43F81 /* Products */;
			projectDirPath = "";
			projectRoot = "";
			targets = (
				80EAD14129DC66C400F43F81 /* gib-client */,
			);
		};
/* End PBXProject section */

/* Begin PBXResourcesBuildPhase section */
		80EAD14029DC66C400F43F81 /* Resources */ = {
			isa = PBXResourcesBuildPhase;
			buildActionMask = 2147483647;
			files = (
				80EAD14D29DC66C600F43F81 /* Preview Assets.xcassets in Resources */,
				80EAD14A29DC66C600F43F81 /* Assets.xcassets in Resources */,
			);
			runOnlyForDeploymentPostprocessing = 0;
		};
/* End PBXResourcesBuildPhase section */

/* Begin PBXSourcesBuildPhase section */
		80EAD13E29DC66C400F43F81 /* Sources */ = {
			isa = PBXSourcesBuildPhase;
			buildActionMask = 2147483647;
			files = (
				80EAD16929DC73FF00F43F81 /* NetworkService.swift in Sources */,
				804B9FF229DEE82900F05C0C /* IdentifiableLocation.swift in Sources */,
				80EAD14829DC66C400F43F81 /* MainView.swift in Sources */,
				80EAD15729DC697400F43F81 /* Incident.swift in Sources */,
				80EAD16B29DC7B6F00F43F81 /* MapView.swift in Sources */,
				80EAD15F29DC6B2200F43F81 /* ReportIncidentView.swift in Sources */,
				80EAD14629DC66C400F43F81 /* gibClientApp.swift in Sources */,
				80EAD16129DC6B5D00F43F81 /* IncidentsViewModel.swift in Sources */,
				804B9FF029DEE73E00F05C0C /* ImagePicker.swift in Sources */,
				80EAD15D29DC6B0D00F43F81 /* IncidentRow.swift in Sources */,
				80155A7929DF0572003608A9 /* LocationService.swift in Sources */,
				80EAD16629DC73ED00F43F81 /* NSMutableData+Ext.swift in Sources */,
			);
			runOnlyForDeploymentPostprocessing = 0;
		};
/* End PBXSourcesBuildPhase section */

/* Begin XCBuildConfiguration section */
		80EAD14E29DC66C600F43F81 /* Debug */ = {
			isa = XCBuildConfiguration;
			buildSettings = {
				ALWAYS_SEARCH_USER_PATHS = NO;
				CLANG_ANALYZER_NONNULL = YES;
				CLANG_ANALYZER_NUMBER_OBJECT_CONVERSION = YES_AGGRESSIVE;
				CLANG_CXX_LANGUAGE_STANDARD = "gnu++20";
				CLANG_ENABLE_MODULES = YES;
				CLANG_ENABLE_OBJC_ARC = YES;
				CLANG_ENABLE_OBJC_WEAK = YES;
				CLANG_WARN_BLOCK_CAPTURE_AUTORELEASING = YES;
				CLANG_WARN_BOOL_CONVERSION = YES;
				CLANG_WARN_COMMA = YES;
				CLANG_WARN_CONSTANT_CONVERSION = YES;
				CLANG_WARN_DEPRECATED_OBJC_IMPLEMENTATIONS = YES;
				CLANG_WARN_DIRECT_OBJC_ISA_USAGE = YES_ERROR;
				CLANG_WARN_DOCUMENTATION_COMMENTS = YES;
				CLANG_WARN_EMPTY_BODY = YES;
				CLANG_WARN_ENUM_CONVERSION = YES;
				CLANG_WARN_INFINITE_RECURSION = YES;
				CLANG_WARN_INT_CONVERSION = YES;
				CLANG_WARN_NON_LITERAL_NULL_CONVERSION = YES;
				CLANG_WARN_OBJC_IMPLICIT_RETAIN_SELF = YES;
				CLANG_WARN_OBJC_LITERAL_CONVERSION = YES;
				CLANG_WARN_OBJC_ROOT_CLASS = YES_ERROR;
				CLANG_WARN_QUOTED_INCLUDE_IN_FRAMEWORK_HEADER = YES;
				CLANG_WARN_RANGE_LOOP_ANALYSIS = YES;
				CLANG_WARN_STRICT_PROTOTYPES = YES;
				CLANG_WARN_SUSPICIOUS_MOVE = YES;
				CLANG_WARN_UNGUARDED_AVAILABILITY = YES_AGGRESSIVE;
				CLANG_WARN_UNREACHABLE_CODE = YES;
				CLANG_WARN__DUPLICATE_METHOD_MATCH = YES;
				COPY_PHASE_STRIP = NO;
				DEBUG_INFORMATION_FORMAT = dwarf;
				ENABLE_STRICT_OBJC_MSGSEND = YES;
				ENABLE_TESTABILITY = YES;
				GCC_C_LANGUAGE_STANDARD = gnu11;
				GCC_DYNAMIC_NO_PIC = NO;
				GCC_NO_COMMON_BLOCKS = YES;
				GCC_OPTIMIZATION_LEVEL = 0;
				GCC_PREPROCESSOR_DEFINITIONS = (
					"DEBUG=1",
					"$(inherited)",
				);
				GCC_WARN_64_TO_32_BIT_CONVERSION = YES;
				GCC_WARN_ABOUT_RETURN_TYPE = YES_ERROR;
				GCC_WARN_UNDECLARED_SELECTOR = YES;
				GCC_WARN_UNINITIALIZED_AUTOS = YES_AGGRESSIVE;
				GCC_WARN_UNUSED_FUNCTION = YES;
				GCC_WARN_UNUSED_VARIABLE = YES;
				IPHONEOS_DEPLOYMENT_TARGET = 15.0;
				MTL_ENABLE_DEBUG_INFO = INCLUDE_SOURCE;
				MTL_FAST_MATH = YES;
				ONLY_ACTIVE_ARCH = YES;
				SDKROOT = iphoneos;
				SWIFT_ACTIVE_COMPILATION_CONDITIONS = DEBUG;
				SWIFT_OPTIMIZATION_LEVEL = "-Onone";
			};
			name = Debug;
		};
		80EAD14F29DC66C600F43F81 /* Release */ = {
			isa = XCBuildConfiguration;
			buildSettings = {
				ALWAYS_SEARCH_USER_PATHS = NO;
				CLANG_ANALYZER_NONNULL = YES;
				CLANG_ANALYZER_NUMBER_OBJECT_CONVERSION = YES_AGGRESSIVE;
				CLANG_CXX_LANGUAGE_STANDARD = "gnu++20";
				CLANG_ENABLE_MODULES = YES;
				CLANG_ENABLE_OBJC_ARC = YES;
				CLANG_ENABLE_OBJC_WEAK = YES;
				CLANG_WARN_BLOCK_CAPTURE_AUTORELEASING = YES;
				CLANG_WARN_BOOL_CONVERSION = YES;
				CLANG_WARN_COMMA = YES;
				CLANG_WARN_CONSTANT_CONVERSION = YES;
				CLANG_WARN_DEPRECATED_OBJC_IMPLEMENTATIONS = YES;
				CLANG_WARN_DIRECT_OBJC_ISA_USAGE = YES_ERROR;
				CLANG_WARN_DOCUMENTATION_COMMENTS = YES;
				CLANG_WARN_EMPTY_BODY = YES;
				CLANG_WARN_ENUM_CONVERSION = YES;
				CLANG_WARN_INFINITE_RECURSION = YES;
				CLANG_WARN_INT_CONVERSION = YES;
				CLANG_WARN_NON_LITERAL_NULL_CONVERSION = YES;
				CLANG_WARN_OBJC_IMPLICIT_RETAIN_SELF = YES;
				CLANG_WARN_OBJC_LITERAL_CONVERSION = YES;
				CLANG_WARN_OBJC_ROOT_CLASS = YES_ERROR;
				CLANG_WARN_QUOTED_INCLUDE_IN_FRAMEWORK_HEADER = YES;
				CLANG_WARN_RANGE_LOOP_ANALYSIS = YES;
				CLANG_WARN_STRICT_PROTOTYPES = YES;
				CLANG_WARN_SUSPICIOUS_MOVE = YES;
				CLANG_WARN_UNGUARDED_AVAILABILITY = YES_AGGRESSIVE;
				CLANG_WARN_UNREACHABLE_CODE = YES;
				CLANG_WARN__DUPLICATE_METHOD_MATCH = YES;
				COPY_PHASE_STRIP = NO;
				DEBUG_INFORMATION_FORMAT = "dwarf-with-dsym";
				ENABLE_NS_ASSERTIONS = NO;
				ENABLE_STRICT_OBJC_MSGSEND = YES;
				GCC_C_LANGUAGE_STANDARD = gnu11;
				GCC_NO_COMMON_BLOCKS = YES;
				GCC_WARN_64_TO_32_BIT_CONVERSION = YES;
				GCC_WARN_ABOUT_RETURN_TYPE = YES_ERROR;
				GCC_WARN_UNDECLARED_SELECTOR = YES;
				GCC_WARN_UNINITIALIZED_AUTOS = YES_AGGRESSIVE;
				GCC_WARN_UNUSED_FUNCTION = YES;
				GCC_WARN_UNUSED_VARIABLE = YES;
				IPHONEOS_DEPLOYMENT_TARGET = 15.0;
				MTL_ENABLE_DEBUG_INFO = NO;
				MTL_FAST_MATH = YES;
				SDKROOT = iphoneos;
				SWIFT_COMPILATION_MODE = wholemodule;
				SWIFT_OPTIMIZATION_LEVEL = "-O";
				VALIDATE_PRODUCT = YES;
			};
			name = Release;
		};
		80EAD15129DC66C600F43F81 /* Debug */ = {
			isa = XCBuildConfiguration;
			buildSettings = {
				ASSETCATALOG_COMPILER_APPICON_NAME = AppIcon;
				ASSETCATALOG_COMPILER_GLOBAL_ACCENT_COLOR_NAME = AccentColor;
				CODE_SIGN_STYLE = Automatic;
				CURRENT_PROJECT_VERSION = 1;
				DEVELOPMENT_ASSET_PATHS = "\"gib-client/Preview Content\"";
				DEVELOPMENT_TEAM = ZQ532X6DQG;
				ENABLE_PREVIEWS = YES;
				GENERATE_INFOPLIST_FILE = YES;
				INFOPLIST_FILE = "gib-client/Info.plist";
				INFOPLIST_KEY_UIApplicationSceneManifest_Generation = YES;
				INFOPLIST_KEY_UIApplicationSupportsIndirectInputEvents = YES;
				INFOPLIST_KEY_UILaunchScreen_Generation = YES;
				INFOPLIST_KEY_UISupportedInterfaceOrientations = UIInterfaceOrientationPortrait;
				INFOPLIST_KEY_UISupportedInterfaceOrientations_iPad = "UIInterfaceOrientationLandscapeLeft UIInterfaceOrientationLandscapeRight UIInterfaceOrientationPortrait UIInterfaceOrientationPortraitUpsideDown";
				IPHONEOS_DEPLOYMENT_TARGET = 15.0;
				LD_RUNPATH_SEARCH_PATHS = (
					"$(inherited)",
					"@executable_path/Frameworks",
				);
				MARKETING_VERSION = 1.0;
				PRODUCT_BUNDLE_IDENTIFIER = "com.gib-client.gib-client";
				PRODUCT_NAME = "$(TARGET_NAME)";
				SUPPORTED_PLATFORMS = "iphoneos iphonesimulator";
				SUPPORTS_MACCATALYST = NO;
				SUPPORTS_MAC_DESIGNED_FOR_IPHONE_IPAD = NO;
				SWIFT_EMIT_LOC_STRINGS = YES;
				SWIFT_VERSION = 5.0;
				TARGETED_DEVICE_FAMILY = 1;
			};
			name = Debug;
		};
		80EAD15229DC66C600F43F81 /* Release */ = {
			isa = XCBuildConfiguration;
			buildSettings = {
				ASSETCATALOG_COMPILER_APPICON_NAME = AppIcon;
				ASSETCATALOG_COMPILER_GLOBAL_ACCENT_COLOR_NAME = AccentColor;
				CODE_SIGN_STYLE = Automatic;
				CURRENT_PROJECT_VERSION = 1;
				DEVELOPMENT_ASSET_PATHS = "\"gib-client/Preview Content\"";
				DEVELOPMENT_TEAM = ZQ532X6DQG;
				ENABLE_PREVIEWS = YES;
				GENERATE_INFOPLIST_FILE = YES;
				INFOPLIST_FILE = "gib-client/Info.plist";
				INFOPLIST_KEY_UIApplicationSceneManifest_Generation = YES;
				INFOPLIST_KEY_UIApplicationSupportsIndirectInputEvents = YES;
				INFOPLIST_KEY_UILaunchScreen_Generation = YES;
				INFOPLIST_KEY_UISupportedInterfaceOrientations = UIInterfaceOrientationPortrait;
				INFOPLIST_KEY_UISupportedInterfaceOrientations_iPad = "UIInterfaceOrientationLandscapeLeft UIInterfaceOrientationLandscapeRight UIInterfaceOrientationPortrait UIInterfaceOrientationPortraitUpsideDown";
				IPHONEOS_DEPLOYMENT_TARGET = 15.0;
				LD_RUNPATH_SEARCH_PATHS = (
					"$(inherited)",
					"@executable_path/Frameworks",
				);
				MARKETING_VERSION = 1.0;
				PRODUCT_BUNDLE_IDENTIFIER = "com.gib-client.gib-client";
				PRODUCT_NAME = "$(TARGET_NAME)";
				SUPPORTED_PLATFORMS = "iphoneos iphonesimulator";
				SUPPORTS_MACCATALYST = NO;
				SUPPORTS_MAC_DESIGNED_FOR_IPHONE_IPAD = NO;
				SWIFT_EMIT_LOC_STRINGS = YES;
				SWIFT_VERSION = 5.0;
				TARGETED_DEVICE_FAMILY = 1;
			};
			name = Release;
		};
/* End XCBuildConfiguration section */

/* Begin XCConfigurationList section */
		80EAD13D29DC66C400F43F81 /* Build configuration list for PBXProject "gib-client" */ = {
			isa = XCConfigurationList;
			buildConfigurations = (
				80EAD14E29DC66C600F43F81 /* Debug */,
				80EAD14F29DC66C600F43F81 /* Release */,
			);
			defaultConfigurationIsVisible = 0;
			defaultConfigurationName = Release;
		};
		80EAD15029DC66C600F43F81 /* Build configuration list for PBXNativeTarget "gib-client" */ = {
			isa = XCConfigurationList;
			buildConfigurations = (
				80EAD15129DC66C600F43F81 /* Debug */,
				80EAD15229DC66C600F43F81 /* Release */,
			);
			defaultConfigurationIsVisible = 0;
			defaultConfigurationName = Release;
		};
/* End XCConfigurationList section */
	};
	rootObject = 80EAD13A29DC66C400F43F81 /* Project object */;
}
